
Microsoft Visual Studio Solution File, Format Version 12.00
# Visual Studio Version 17
VisualStudioVersion = 17.14.36915.13 d17.14
MinimumVisualStudioVersion = 10.0.40219.1

Project("{FAE04EC0-301F-11D3-BF4B-00C04F79EFBC}") = "WpfControl", "WpfControl\WpfControl.NetOld.csproj", "{1C4736DE-C7DE-1784-8A00-BDB97629D0AA}"
EndProject

Project("{F184B08F-C81C-45F6-A57F-5ABD9991F28F}") = "ViewVb", "ViewVb\ViewVb.NetOld.vbproj", "{CAB3CC38-2B52-42E5-825B-7E3B71094905}"
EndProject

Global

    GlobalSection(SolutionConfigurationPlatforms) = preSolution
        Debug|Any CPU = Debug|Any CPU
        Debug|x64 = Debug|x64
        Debug|x86 = Debug|x86
        Release|Any CPU = Release|Any CPU
        Release|x64 = Release|x64
        Release|x86 = Release|x86
    EndGlobalSection

    GlobalSection(ProjectConfigurationPlatforms) = postSolution
        {1C4736DE-C7DE-1784-8A00-BDB97629D0AA}.Debug|Any CPU.ActiveCfg = Debug|x64
        {1C4736DE-C7DE-1784-8A00-BDB97629D0AA}.Debug|Any CPU.Build.0 = Debug|x64
        {1C4736DE-C7DE-1784-8A00-BDB97629D0AA}.Debug|x64.ActiveCfg = Debug|x64
        {1C4736DE-C7DE-1784-8A00-BDB97629D0AA}.Debug|x64.Build.0 = Debug|x64
        {1C4736DE-C7DE-1784-8A00-BDB97629D0AA}.Debug|x86.ActiveCfg = Debug|Win32
        {1C4736DE-C7DE-1784-8A00-BDB97629D0AA}.Debug|x86.Build.0 = Debug|Win32
        {1C4736DE-C7DE-1784-8A00-BDB97629D0AA}.Release|Any CPU.ActiveCfg = Release|Any CPU
        {1C4736DE-C7DE-1784-8A00-BDB97629D0AA}.Release|Any CPU.Build.0 = Release|Any CPU
        {1C4736DE-C7DE-1784-8A00-BDB97629D0AA}.Release|x64.ActiveCfg = Release|x64
        {1C4736DE-C7DE-1784-8A00-BDB97629D0AA}.Release|x64.Build.0 = Release|x64
        {1C4736DE-C7DE-1784-8A00-BDB97629D0AA}.Release|x86.ActiveCfg = Release|Win32
        {1C4736DE-C7DE-1784-8A00-BDB97629D0AA}.Release|x86.Build.0 = Release|Win32

        {CAB3CC38-2B52-42E5-825B-7E3B71094905}.Debug|Any CPU.ActiveCfg = Debug|x64
        {CAB3CC38-2B52-42E5-825B-7E3B71094905}.Debug|Any CPU.Build.0 = Debug|x64
        {CAB3CC38-2B52-42E5-825B-7E3B71094905}.Debug|x64.ActiveCfg = Debug|x64
        {CAB3CC38-2B52-42E5-825B-7E3B71094905}.Debug|x64.Build.0 = Debug|x64
        {CAB3CC38-2B52-42E5-825B-7E3B71094905}.Debug|x86.ActiveCfg = Debug|Win32
        {CAB3CC38-2B52-42E5-825B-7E3B71094905}.Debug|x86.Build.0 = Debug|Win32
        {CAB3CC38-2B52-42E5-825B-7E3B71094905}.Release|Any CPU.ActiveCfg = Release|Any CPU
        {CAB3CC38-2B52-42E5-825B-7E3B71094905}.Release|Any CPU.Build.0 = Release|Any CPU
        {CAB3CC38-2B52-42E5-825B-7E3B71094905}.Release|x64.ActiveCfg = Release|x64
        {CAB3CC38-2B52-42E5-825B-7E3B71094905}.Release|x64.Build.0 = Release|x64
        {CAB3CC38-2B52-42E5-825B-7E3B71094905}.Release|x86.ActiveCfg = Release|Win32
        {CAB3CC38-2B52-42E5-825B-7E3B71094905}.Release|x86.Build.0 = Release|Win32
    EndGlobalSection

    GlobalSection(SolutionProperties) = preSolution
        HideSolutionNode = FALSE
    EndGlobalSection
    GlobalSection(ExtensibilityGlobals) = postSolution
        SolutionGuid = {B144F943-77BE-4924-B4AE-B5809307B36A}
    EndGlobalSection

EndGlobal
